<?xml version="1.0" encoding="utf-8"?>
<Project ToolsVersion="4.0" xmlns="http://schemas.microsoft.com/developer/msbuild/2003">
  <ItemGroup>
    <Filter Include="Inc">
      <UniqueIdentifier>{6531b2f1-c164-4873-bd1b-249b211b564a}</UniqueIdentifier>
    </Filter>
    <Filter Include="Src">
      <UniqueIdentifier>{8c72a628-dc9f-4c3e-8f72-f89d07948b24}</UniqueIdentifier>
    </Filter>
    <Filter Include="Resource Files">
      <UniqueIdentifier>{25081b57-0e8d-405b-8dd7-fc85e949e8db}</UniqueIdentifier>
    </Filter>
  </ItemGroup>
  <ItemGroup>
    <ClCompile Include="Src\ClientMain.cpp">
      <Filter>Src</Filter>
    </ClCompile>
    <ClCompile Include="Src\TrojanBlastClientPCH.cpp">
      <Filter>Src</Filter>
    </ClCompile>
    <ClCompile Include="Src\Client.cpp">
      <Filter>Src</Filter>
    </ClCompile>
  </ItemGroup>
  <ItemGroup>
    <ClInclude Include="Inc\TrojanBlastClientPCH.h">
      <Filter>Inc</Filter>
    </ClInclude>
    <ClInclude Include="Inc\Client.h">
      <Filter>Inc</Filter>
    </ClInclude>
  </ItemGroup>
</Project>